
Microsoft Visual Studio Solution File, Format Version 12.00
# Visual Studio Version 17
VisualStudioVersion = 17.8.34330.188
MinimumVisualStudioVersion = 10.0.40219.1
Project("{9A19103F-16F7-4668-BE54-9A1E7A4F7556}") = "custos", "custos\custos.csproj", "{0EE55FFD-D516-4E27-92E4-C867BDEE4E87}"
EndProject
Project("{FAE04EC0-301F-11D3-BF4B-00C04F79EFBC}") = "custos.services", "custos.services\custos.services.csproj", "{16A6087C-A39D-49A1-8DBB-BF90C573CDC2}"
EndProject
Project("{FAE04EC0-301F-11D3-BF4B-00C04F79EFBC}") = "custos.bgservice", "custos.bgservice\custos.bgservice.csproj", "{8472F5BC-0503-4F90-B383-3BE539E97077}"
EndProject
Global
	GlobalSection(SolutionConfigurationPlatforms) = preSolution
		Debug|Any CPU = Debug|Any CPU
		Release|Any CPU = Release|Any CPU
	EndGlobalSection
	GlobalSection(ProjectConfigurationPlatforms) = postSolution
		{0EE55FFD-D516-4E27-92E4-C867BDEE4E87}.Debug|Any CPU.ActiveCfg = Debug|Any CPU
		{0EE55FFD-D516-4E27-92E4-C867BDEE4E87}.Debug|Any CPU.Build.0 = Debug|Any CPU
		{0EE55FFD-D516-4E27-92E4-C867BDEE4E87}.Release|Any CPU.ActiveCfg = Release|Any CPU
		{0EE55FFD-D516-4E27-92E4-C867BDEE4E87}.Release|Any CPU.Build.0 = Release|Any CPU
		{16A6087C-A39D-49A1-8DBB-BF90C573CDC2}.Debug|Any CPU.ActiveCfg = Debug|Any CPU
		{16A6087C-A39D-49A1-8DBB-BF90C573CDC2}.Debug|Any CPU.Build.0 = Debug|Any CPU
		{16A6087C-A39D-49A1-8DBB-BF90C573CDC2}.Release|Any CPU.ActiveCfg = Release|Any CPU
		{16A6087C-A39D-49A1-8DBB-BF90C573CDC2}.Release|Any CPU.Build.0 = Release|Any CPU
		{8472F5BC-0503-4F90-B383-3BE539E97077}.Debug|Any CPU.ActiveCfg = Debug|Any CPU
		{8472F5BC-0503-4F90-B383-3BE539E97077}.Debug|Any CPU.Build.0 = Debug|Any CPU
		{8472F5BC-0503-4F90-B383-3BE539E97077}.Release|Any CPU.ActiveCfg = Release|Any CPU
		{8472F5BC-0503-4F90-B383-3BE539E97077}.Release|Any CPU.Build.0 = Release|Any CPU
	EndGlobalSection
	GlobalSection(SolutionProperties) = preSolution
		HideSolutionNode = FALSE
	EndGlobalSection
	GlobalSection(ExtensibilityGlobals) = postSolution
		SolutionGuid = {9A300C75-6CA4-42FB-A7B8-028DEFB92134}
	EndGlobalSection
EndGlobal
